
Microsoft Visual Studio Solution File, Format Version 12.00
# Visual Studio Version 16
VisualStudioVersion = 16.0.31112.23
MinimumVisualStudioVersion = 10.0.40219.1
Project("{FAE04EC0-301F-11D3-BF4B-00C04F79EFBC}") = "Taina.Web", "Taina.Web\Taina.Web.csproj", "{BD36817F-27BA-4018-B126-0A83EDB43D2D}"
EndProject
Project("{FAE04EC0-301F-11D3-BF4B-00C04F79EFBC}") = "Taina.Data", "Taina.Data\Taina.Data.csproj", "{2E262A28-CEC6-4DD8-A587-4A0153C09B73}"
EndProject
Project("{FAE04EC0-301F-11D3-BF4B-00C04F79EFBC}") = "Taina.Tests", "Taina.Tests\Taina.Tests.csproj", "{DF7E6F7E-FDD2-4F99-8CC9-F815F4D26FB6}"
EndProject
Global
	GlobalSection(SolutionConfigurationPlatforms) = preSolution
		Debug|Any CPU = Debug|Any CPU
		Release|Any CPU = Release|Any CPU
	EndGlobalSection
	GlobalSection(ProjectConfigurationPlatforms) = postSolution
		{BD36817F-27BA-4018-B126-0A83EDB43D2D}.Debug|Any CPU.ActiveCfg = Debug|Any CPU
		{BD36817F-27BA-4018-B126-0A83EDB43D2D}.Debug|Any CPU.Build.0 = Debug|Any CPU
		{BD36817F-27BA-4018-B126-0A83EDB43D2D}.Release|Any CPU.ActiveCfg = Release|Any CPU
		{BD36817F-27BA-4018-B126-0A83EDB43D2D}.Release|Any CPU.Build.0 = Release|Any CPU
		{2E262A28-CEC6-4DD8-A587-4A0153C09B73}.Debug|Any CPU.ActiveCfg = Debug|Any CPU
		{2E262A28-CEC6-4DD8-A587-4A0153C09B73}.Debug|Any CPU.Build.0 = Debug|Any CPU
		{2E262A28-CEC6-4DD8-A587-4A0153C09B73}.Release|Any CPU.ActiveCfg = Release|Any CPU
		{2E262A28-CEC6-4DD8-A587-4A0153C09B73}.Release|Any CPU.Build.0 = Release|Any CPU
		{DF7E6F7E-FDD2-4F99-8CC9-F815F4D26FB6}.Debug|Any CPU.ActiveCfg = Debug|Any CPU
		{DF7E6F7E-FDD2-4F99-8CC9-F815F4D26FB6}.Debug|Any CPU.Build.0 = Debug|Any CPU
		{DF7E6F7E-FDD2-4F99-8CC9-F815F4D26FB6}.Release|Any CPU.ActiveCfg = Release|Any CPU
		{DF7E6F7E-FDD2-4F99-8CC9-F815F4D26FB6}.Release|Any CPU.Build.0 = Release|Any CPU
	EndGlobalSection
	GlobalSection(SolutionProperties) = preSolution
		HideSolutionNode = FALSE
	EndGlobalSection
	GlobalSection(ExtensibilityGlobals) = postSolution
		SolutionGuid = {29AB6E5C-F62D-4893-8410-BE810B14A837}
	EndGlobalSection
EndGlobal
